// !$*UTF8*$!
{
	archiveVersion = 1;
	classes = {
	};
	objectVersion = 51;
	objects = {

/* Begin PBXBuildFile section */
		5224D2CD252942AC00B6FE19 /* HomeController.swift in Sources */ = {isa = PBXBuildFile; fileRef = 5224D2CC252942AC00B6FE19 /* HomeController.swift */; };
		52254A65250C50D100A6683D /* PayloadsViewModel.swift in Sources */ = {isa = PBXBuildFile; fileRef = 52254A64250C50D100A6683D /* PayloadsViewModel.swift */; };
		52254A67250C532B00A6683D /* RegistrationViewModel.swift in Sources */ = {isa = PBXBuildFile; fileRef = 52254A66250C532B00A6683D /* RegistrationViewModel.swift */; };
		52254A6A250C5FFA00A6683D /* LoginViewModel.swift in Sources */ = {isa = PBXBuildFile; fileRef = 52254A69250C5FFA00A6683D /* LoginViewModel.swift */; };
		523F51D0251901B60074CC49 /* InputContainerView.swift in Sources */ = {isa = PBXBuildFile; fileRef = 523F51CF251901B60074CC49 /* InputContainerView.swift */; };
		523F51D62519023C0074CC49 /* LoginController.swift in Sources */ = {isa = PBXBuildFile; fileRef = 523F51D52519023C0074CC49 /* LoginController.swift */; };
		523F51DB251902480074CC49 /* RegistrationController.swift in Sources */ = {isa = PBXBuildFile; fileRef = 523F51DA251902480074CC49 /* RegistrationController.swift */; };
		523F51E0251916590074CC49 /* CustomTextField.swift in Sources */ = {isa = PBXBuildFile; fileRef = 523F51DF251916590074CC49 /* CustomTextField.swift */; };
		523F51E52519187A0074CC49 /* Extensions.swift in Sources */ = {isa = PBXBuildFile; fileRef = 523F51E42519187A0074CC49 /* Extensions.swift */; };
		528F7FF124FF4B1200006C6D /* AppDelegate.swift in Sources */ = {isa = PBXBuildFile; fileRef = 528F7FF024FF4B1200006C6D /* AppDelegate.swift */; };
		528F7FF324FF4B1200006C6D /* SceneDelegate.swift in Sources */ = {isa = PBXBuildFile; fileRef = 528F7FF224FF4B1200006C6D /* SceneDelegate.swift */; };
		528F7FF524FF4B1200006C6D /* ViewController.swift in Sources */ = {isa = PBXBuildFile; fileRef = 528F7FF424FF4B1200006C6D /* ViewController.swift */; };
		528F7FF824FF4B1200006C6D /* Main.storyboard in Resources */ = {isa = PBXBuildFile; fileRef = 528F7FF624FF4B1200006C6D /* Main.storyboard */; };
		528F7FFA24FF4B1700006C6D /* Assets.xcassets in Resources */ = {isa = PBXBuildFile; fileRef = 528F7FF924FF4B1700006C6D /* Assets.xcassets */; };
		528F7FFD24FF4B1700006C6D /* LaunchScreen.storyboard in Resources */ = {isa = PBXBuildFile; fileRef = 528F7FFB24FF4B1700006C6D /* LaunchScreen.storyboard */; };
		528F800824FF4B1700006C6D /* ZoneRv1Tests.swift in Sources */ = {isa = PBXBuildFile; fileRef = 528F800724FF4B1700006C6D /* ZoneRv1Tests.swift */; };
		528F801324FF4B1700006C6D /* ZoneRv1UITests.swift in Sources */ = {isa = PBXBuildFile; fileRef = 528F801224FF4B1700006C6D /* ZoneRv1UITests.swift */; };
		528F802724FF4F0E00006C6D /* User.swift in Sources */ = {isa = PBXBuildFile; fileRef = 528F802624FF4F0E00006C6D /* User.swift */; };
		528F802924FF4F5000006C6D /* Payloads.swift in Sources */ = {isa = PBXBuildFile; fileRef = 528F802824FF4F5000006C6D /* Payloads.swift */; };
		528F802B24FF603F00006C6D /* GoogleService-Info.plist in Resources */ = {isa = PBXBuildFile; fileRef = 528F802A24FF603F00006C6D /* GoogleService-Info.plist */; };
		528F802D24FF658200006C6D /* AuthService.swift in Sources */ = {isa = PBXBuildFile; fileRef = 528F802C24FF658200006C6D /* AuthService.swift */; };
		528F802F24FF658D00006C6D /* Service.swift in Sources */ = {isa = PBXBuildFile; fileRef = 528F802E24FF658D00006C6D /* Service.swift */; };
		528F803124FF6F5E00006C6D /* Constants.swift in Sources */ = {isa = PBXBuildFile; fileRef = 528F803024FF6F5E00006C6D /* Constants.swift */; };
		52CBAC29252C28B900934187 /* ATCClassicWalkthroughViewController.xib in Resources */ = {isa = PBXBuildFile; fileRef = 52CBAC24252C28B900934187 /* ATCClassicWalkthroughViewController.xib */; };
		52CBAC2A252C28B900934187 /* ATCWalkthroughViewController.swift in Sources */ = {isa = PBXBuildFile; fileRef = 52CBAC25252C28B900934187 /* ATCWalkthroughViewController.swift */; };
		52CBAC2B252C28B900934187 /* ATCWalkthroughViewController.xib in Resources */ = {isa = PBXBuildFile; fileRef = 52CBAC26252C28B900934187 /* ATCWalkthroughViewController.xib */; };
		52CBAC2C252C28B900934187 /* ATCClassicWalkthroughViewController.swift in Sources */ = {isa = PBXBuildFile; fileRef = 52CBAC27252C28B900934187 /* ATCClassicWalkthroughViewController.swift */; };
		52CBAC2D252C28B900934187 /* WalkthroughController.swift in Sources */ = {isa = PBXBuildFile; fileRef = 52CBAC28252C28B900934187 /* WalkthroughController.swift */; };
		52CBAC32252C293E00934187 /* ATCWalkthroughModel.swift in Sources */ = {isa = PBXBuildFile; fileRef = 52CBAC31252C293E00934187 /* ATCWalkthroughModel.swift */; };
		52CBAC39252C29A000934187 /* UIColor.swift in Sources */ = {isa = PBXBuildFile; fileRef = 52CBAC36252C299F00934187 /* UIColor.swift */; };
		52CBAC3A252C29A000934187 /* UIImage.swift in Sources */ = {isa = PBXBuildFile; fileRef = 52CBAC37252C29A000934187 /* UIImage.swift */; };
		52CBAC3B252C29A000934187 /* UIViewController.swift in Sources */ = {isa = PBXBuildFile; fileRef = 52CBAC38252C29A000934187 /* UIViewController.swift */; };
		679D90C15C92013B41419098 /* Pods_ZoneRv1Tests.framework in Frameworks */ = {isa = PBXBuildFile; fileRef = 5DE000BA38E9FDBE91288648 /* Pods_ZoneRv1Tests.framework */; };
		D40FC4AC6CCEA01E6E047717 /* Pods_ZoneRv1.framework in Frameworks */ = {isa = PBXBuildFile; fileRef = F1AA2DF50D02680D8EDDB30F /* Pods_ZoneRv1.framework */; };
		F8CA0850EF0C1136DDF75E18 /* Pods_ZoneRv1_ZoneRv1UITests.framework in Frameworks */ = {isa = PBXBuildFile; fileRef = 9A657D0F2CFAF384BAD6F462 /* Pods_ZoneRv1_ZoneRv1UITests.framework */; };
/* End PBXBuildFile section */

/* Begin PBXContainerItemProxy section */
		528F800424FF4B1700006C6D /* PBXContainerItemProxy */ = {
			isa = PBXContainerItemProxy;
			containerPortal = 528F7FE524FF4B1200006C6D /* Project object */;
			proxyType = 1;
			remoteGlobalIDString = 528F7FEC24FF4B1200006C6D;
			remoteInfo = ZoneRv1;
		};
		528F800F24FF4B1700006C6D /* PBXContainerItemProxy */ = {
			isa = PBXContainerItemProxy;
			containerPortal = 528F7FE524FF4B1200006C6D /* Project object */;
			proxyType = 1;
			remoteGlobalIDString = 528F7FEC24FF4B1200006C6D;
			remoteInfo = ZoneRv1;
		};
/* End PBXContainerItemProxy section */

/* Begin PBXFileReference section */
		0E0B79F84E2541A8446738D4 /* Pods-ZoneRv1-ZoneRv1UITests.release.xcconfig */ = {isa = PBXFileReference; includeInIndex = 1; lastKnownFileType = text.xcconfig; name = "Pods-ZoneRv1-ZoneRv1UITests.release.xcconfig"; path = "Target Support Files/Pods-ZoneRv1-ZoneRv1UITests/Pods-ZoneRv1-ZoneRv1UITests.release.xcconfig"; sourceTree = "<group>"; };
		456F9E07D06A84BA3BE20083 /* Pods-ZoneRv1-ZoneRv1UITests.debug.xcconfig */ = {isa = PBXFileReference; includeInIndex = 1; lastKnownFileType = text.xcconfig; name = "Pods-ZoneRv1-ZoneRv1UITests.debug.xcconfig"; path = "Target Support Files/Pods-ZoneRv1-ZoneRv1UITests/Pods-ZoneRv1-ZoneRv1UITests.debug.xcconfig"; sourceTree = "<group>"; };
		5224D2CC252942AC00B6FE19 /* HomeController.swift */ = {isa = PBXFileReference; lastKnownFileType = sourcecode.swift; path = HomeController.swift; sourceTree = "<group>"; };
		52254A64250C50D100A6683D /* PayloadsViewModel.swift */ = {isa = PBXFileReference; lastKnownFileType = sourcecode.swift; path = PayloadsViewModel.swift; sourceTree = "<group>"; };
		52254A66250C532B00A6683D /* RegistrationViewModel.swift */ = {isa = PBXFileReference; lastKnownFileType = sourcecode.swift; path = RegistrationViewModel.swift; sourceTree = "<group>"; };
		52254A69250C5FFA00A6683D /* LoginViewModel.swift */ = {isa = PBXFileReference; lastKnownFileType = sourcecode.swift; path = LoginViewModel.swift; sourceTree = "<group>"; };
		523F51CF251901B60074CC49 /* InputContainerView.swift */ = {isa = PBXFileReference; lastKnownFileType = sourcecode.swift; path = InputContainerView.swift; sourceTree = "<group>"; };
		523F51D52519023C0074CC49 /* LoginController.swift */ = {isa = PBXFileReference; lastKnownFileType = sourcecode.swift; path = LoginController.swift; sourceTree = "<group>"; };
		523F51DA251902480074CC49 /* RegistrationController.swift */ = {isa = PBXFileReference; lastKnownFileType = sourcecode.swift; path = RegistrationController.swift; sourceTree = "<group>"; };
		523F51DF251916590074CC49 /* CustomTextField.swift */ = {isa = PBXFileReference; lastKnownFileType = sourcecode.swift; path = CustomTextField.swift; sourceTree = "<group>"; };
		523F51E42519187A0074CC49 /* Extensions.swift */ = {isa = PBXFileReference; lastKnownFileType = sourcecode.swift; path = Extensions.swift; sourceTree = "<group>"; };
		528F7FED24FF4B1200006C6D /* ZoneRv1.app */ = {isa = PBXFileReference; explicitFileType = wrapper.application; includeInIndex = 0; path = ZoneRv1.app; sourceTree = BUILT_PRODUCTS_DIR; };
		528F7FF024FF4B1200006C6D /* AppDelegate.swift */ = {isa = PBXFileReference; lastKnownFileType = sourcecode.swift; path = AppDelegate.swift; sourceTree = "<group>"; };
		528F7FF224FF4B1200006C6D /* SceneDelegate.swift */ = {isa = PBXFileReference; lastKnownFileType = sourcecode.swift; path = SceneDelegate.swift; sourceTree = "<group>"; };
		528F7FF424FF4B1200006C6D /* ViewController.swift */ = {isa = PBXFileReference; lastKnownFileType = sourcecode.swift; path = ViewController.swift; sourceTree = "<group>"; };
		528F7FF724FF4B1200006C6D /* Base */ = {isa = PBXFileReference; lastKnownFileType = file.storyboard; name = Base; path = Base.lproj/Main.storyboard; sourceTree = "<group>"; };
		528F7FF924FF4B1700006C6D /* Assets.xcassets */ = {isa = PBXFileReference; lastKnownFileType = folder.assetcatalog; path = Assets.xcassets; sourceTree = "<group>"; };
		528F7FFC24FF4B1700006C6D /* Base */ = {isa = PBXFileReference; lastKnownFileType = file.storyboard; name = Base; path = Base.lproj/LaunchScreen.storyboard; sourceTree = "<group>"; };
		528F7FFE24FF4B1700006C6D /* Info.plist */ = {isa = PBXFileReference; lastKnownFileType = text.plist.xml; path = Info.plist; sourceTree = "<group>"; };
		528F800324FF4B1700006C6D /* ZoneRv1Tests.xctest */ = {isa = PBXFileReference; explicitFileType = wrapper.cfbundle; includeInIndex = 0; path = ZoneRv1Tests.xctest; sourceTree = BUILT_PRODUCTS_DIR; };
		528F800724FF4B1700006C6D /* ZoneRv1Tests.swift */ = {isa = PBXFileReference; lastKnownFileType = sourcecode.swift; path = ZoneRv1Tests.swift; sourceTree = "<group>"; };
		528F800924FF4B1700006C6D /* Info.plist */ = {isa = PBXFileReference; lastKnownFileType = text.plist.xml; path = Info.plist; sourceTree = "<group>"; };
		528F800E24FF4B1700006C6D /* ZoneRv1UITests.xctest */ = {isa = PBXFileReference; explicitFileType = wrapper.cfbundle; includeInIndex = 0; path = ZoneRv1UITests.xctest; sourceTree = BUILT_PRODUCTS_DIR; };
		528F801224FF4B1700006C6D /* ZoneRv1UITests.swift */ = {isa = PBXFileReference; lastKnownFileType = sourcecode.swift; path = ZoneRv1UITests.swift; sourceTree = "<group>"; };
		528F801424FF4B1800006C6D /* Info.plist */ = {isa = PBXFileReference; lastKnownFileType = text.plist.xml; path = Info.plist; sourceTree = "<group>"; };
		528F802624FF4F0E00006C6D /* User.swift */ = {isa = PBXFileReference; lastKnownFileType = sourcecode.swift; path = User.swift; sourceTree = "<group>"; };
		528F802824FF4F5000006C6D /* Payloads.swift */ = {isa = PBXFileReference; lastKnownFileType = sourcecode.swift; path = Payloads.swift; sourceTree = "<group>"; };
		528F802A24FF603F00006C6D /* GoogleService-Info.plist */ = {isa = PBXFileReference; fileEncoding = 4; lastKnownFileType = text.plist.xml; path = "GoogleService-Info.plist"; sourceTree = "<group>"; };
		528F802C24FF658200006C6D /* AuthService.swift */ = {isa = PBXFileReference; lastKnownFileType = sourcecode.swift; path = AuthService.swift; sourceTree = "<group>"; };
		528F802E24FF658D00006C6D /* Service.swift */ = {isa = PBXFileReference; lastKnownFileType = sourcecode.swift; path = Service.swift; sourceTree = "<group>"; };
		528F803024FF6F5E00006C6D /* Constants.swift */ = {isa = PBXFileReference; lastKnownFileType = sourcecode.swift; path = Constants.swift; sourceTree = "<group>"; };
		52CBAC24252C28B900934187 /* ATCClassicWalkthroughViewController.xib */ = {isa = PBXFileReference; fileEncoding = 4; lastKnownFileType = file.xib; path = ATCClassicWalkthroughViewController.xib; sourceTree = "<group>"; };
		52CBAC25252C28B900934187 /* ATCWalkthroughViewController.swift */ = {isa = PBXFileReference; fileEncoding = 4; lastKnownFileType = sourcecode.swift; path = ATCWalkthroughViewController.swift; sourceTree = "<group>"; };
		52CBAC26252C28B900934187 /* ATCWalkthroughViewController.xib */ = {isa = PBXFileReference; fileEncoding = 4; lastKnownFileType = file.xib; path = ATCWalkthroughViewController.xib; sourceTree = "<group>"; };
		52CBAC27252C28B900934187 /* ATCClassicWalkthroughViewController.swift */ = {isa = PBXFileReference; fileEncoding = 4; lastKnownFileType = sourcecode.swift; path = ATCClassicWalkthroughViewController.swift; sourceTree = "<group>"; };
		52CBAC28252C28B900934187 /* WalkthroughController.swift */ = {isa = PBXFileReference; fileEncoding = 4; lastKnownFileType = sourcecode.swift; path = WalkthroughController.swift; sourceTree = "<group>"; };
		52CBAC31252C293E00934187 /* ATCWalkthroughModel.swift */ = {isa = PBXFileReference; fileEncoding = 4; lastKnownFileType = sourcecode.swift; path = ATCWalkthroughModel.swift; sourceTree = "<group>"; };
		52CBAC36252C299F00934187 /* UIColor.swift */ = {isa = PBXFileReference; fileEncoding = 4; lastKnownFileType = sourcecode.swift; path = UIColor.swift; sourceTree = "<group>"; };
		52CBAC37252C29A000934187 /* UIImage.swift */ = {isa = PBXFileReference; fileEncoding = 4; lastKnownFileType = sourcecode.swift; path = UIImage.swift; sourceTree = "<group>"; };
		52CBAC38252C29A000934187 /* UIViewController.swift */ = {isa = PBXFileReference; fileEncoding = 4; lastKnownFileType = sourcecode.swift; path = UIViewController.swift; sourceTree = "<group>"; };
		5B0112827A2F998F5FBE6E4D /* Pods-ZoneRv1Tests.debug.xcconfig */ = {isa = PBXFileReference; includeInIndex = 1; lastKnownFileType = text.xcconfig; name = "Pods-ZoneRv1Tests.debug.xcconfig"; path = "Target Support Files/Pods-ZoneRv1Tests/Pods-ZoneRv1Tests.debug.xcconfig"; sourceTree = "<group>"; };
		5DE000BA38E9FDBE91288648 /* Pods_ZoneRv1Tests.framework */ = {isa = PBXFileReference; explicitFileType = wrapper.framework; includeInIndex = 0; path = Pods_ZoneRv1Tests.framework; sourceTree = BUILT_PRODUCTS_DIR; };
		9A657D0F2CFAF384BAD6F462 /* Pods_ZoneRv1_ZoneRv1UITests.framework */ = {isa = PBXFileReference; explicitFileType = wrapper.framework; includeInIndex = 0; path = Pods_ZoneRv1_ZoneRv1UITests.framework; sourceTree = BUILT_PRODUCTS_DIR; };
		A6FFB5BA00235B7B11B3F75D /* Pods-ZoneRv1.debug.xcconfig */ = {isa = PBXFileReference; includeInIndex = 1; lastKnownFileType = text.xcconfig; name = "Pods-ZoneRv1.debug.xcconfig"; path = "Target Support Files/Pods-ZoneRv1/Pods-ZoneRv1.debug.xcconfig"; sourceTree = "<group>"; };
		EDE07EA179FCC7983E8C8D82 /* Pods-ZoneRv1Tests.release.xcconfig */ = {isa = PBXFileReference; includeInIndex = 1; lastKnownFileType = text.xcconfig; name = "Pods-ZoneRv1Tests.release.xcconfig"; path = "Target Support Files/Pods-ZoneRv1Tests/Pods-ZoneRv1Tests.release.xcconfig"; sourceTree = "<group>"; };
		F1AA2DF50D02680D8EDDB30F /* Pods_ZoneRv1.framework */ = {isa = PBXFileReference; explicitFileType = wrapper.framework; includeInIndex = 0; path = Pods_ZoneRv1.framework; sourceTree = BUILT_PRODUCTS_DIR; };
		F48FA2120075040F5CFF5EB8 /* Pods-ZoneRv1.release.xcconfig */ = {isa = PBXFileReference; includeInIndex = 1; lastKnownFileType = text.xcconfig; name = "Pods-ZoneRv1.release.xcconfig"; path = "Target Support Files/Pods-ZoneRv1/Pods-ZoneRv1.release.xcconfig"; sourceTree = "<group>"; };
/* End PBXFileReference section */

/* Begin PBXFrameworksBuildPhase section */
		528F7FEA24FF4B1200006C6D /* Frameworks */ = {
			isa = PBXFrameworksBuildPhase;
			buildActionMask = 2147483647;
			files = (
				D40FC4AC6CCEA01E6E047717 /* Pods_ZoneRv1.framework in Frameworks */,
			);
			runOnlyForDeploymentPostprocessing = 0;
		};
		528F800024FF4B1700006C6D /* Frameworks */ = {
			isa = PBXFrameworksBuildPhase;
			buildActionMask = 2147483647;
			files = (
				679D90C15C92013B41419098 /* Pods_ZoneRv1Tests.framework in Frameworks */,
			);
			runOnlyForDeploymentPostprocessing = 0;
		};
		528F800B24FF4B1700006C6D /* Frameworks */ = {
			isa = PBXFrameworksBuildPhase;
			buildActionMask = 2147483647;
			files = (
				F8CA0850EF0C1136DDF75E18 /* Pods_ZoneRv1_ZoneRv1UITests.framework in Frameworks */,
			);
			runOnlyForDeploymentPostprocessing = 0;
		};
/* End PBXFrameworksBuildPhase section */

/* Begin PBXGroup section */
		52254A68250C536A00A6683D /* Authentication */ = {
			isa = PBXGroup;
			children = (
				52254A66250C532B00A6683D /* RegistrationViewModel.swift */,
				52254A69250C5FFA00A6683D /* LoginViewModel.swift */,
			);
			path = Authentication;
			sourceTree = "<group>";
		};
		523F51D42519022A0074CC49 /* Authentication */ = {
			isa = PBXGroup;
			children = (
				523F51D52519023C0074CC49 /* LoginController.swift */,
				523F51DA251902480074CC49 /* RegistrationController.swift */,
			);
			path = Authentication;
			sourceTree = "<group>";
		};
		528F7FE424FF4B1200006C6D = {
			isa = PBXGroup;
			children = (
				528F7FEF24FF4B1200006C6D /* ZoneRv1 */,
				528F800624FF4B1700006C6D /* ZoneRv1Tests */,
				528F801124FF4B1700006C6D /* ZoneRv1UITests */,
				528F7FEE24FF4B1200006C6D /* Products */,
				90B05907DC9EE44B2ED85394 /* Pods */,
				5E45E39F06AFA4417E4D3690 /* Frameworks */,
			);
			sourceTree = "<group>";
		};
		528F7FEE24FF4B1200006C6D /* Products */ = {
			isa = PBXGroup;
			children = (
				528F7FED24FF4B1200006C6D /* ZoneRv1.app */,
				528F800324FF4B1700006C6D /* ZoneRv1Tests.xctest */,
				528F800E24FF4B1700006C6D /* ZoneRv1UITests.xctest */,
			);
			name = Products;
			sourceTree = "<group>";
		};
		528F7FEF24FF4B1200006C6D /* ZoneRv1 */ = {
			isa = PBXGroup;
			children = (
				528F802A24FF603F00006C6D /* GoogleService-Info.plist */,
				528F802524FF4E4600006C6D /* ViewModel */,
				528F802424FF4E4100006C6D /* Utils */,
				528F802324FF4E2000006C6D /* Models */,
				528F802224FF4E1100006C6D /* Controllers */,
				528F802124FF4E0A00006C6D /* Views */,
				528F802024FF4E0400006C6D /* API */,
				528F7FF024FF4B1200006C6D /* AppDelegate.swift */,
				528F7FF224FF4B1200006C6D /* SceneDelegate.swift */,
				528F7FF424FF4B1200006C6D /* ViewController.swift */,
				528F7FF624FF4B1200006C6D /* Main.storyboard */,
				528F7FF924FF4B1700006C6D /* Assets.xcassets */,
				528F7FFB24FF4B1700006C6D /* LaunchScreen.storyboard */,
				528F7FFE24FF4B1700006C6D /* Info.plist */,
			);
			path = ZoneRv1;
			sourceTree = "<group>";
		};
		528F800624FF4B1700006C6D /* ZoneRv1Tests */ = {
			isa = PBXGroup;
			children = (
				528F800724FF4B1700006C6D /* ZoneRv1Tests.swift */,
				528F800924FF4B1700006C6D /* Info.plist */,
			);
			path = ZoneRv1Tests;
			sourceTree = "<group>";
		};
		528F801124FF4B1700006C6D /* ZoneRv1UITests */ = {
			isa = PBXGroup;
			children = (
				528F801224FF4B1700006C6D /* ZoneRv1UITests.swift */,
				528F801424FF4B1800006C6D /* Info.plist */,
			);
			path = ZoneRv1UITests;
			sourceTree = "<group>";
		};
		528F802024FF4E0400006C6D /* API */ = {
			isa = PBXGroup;
			children = (
				528F802C24FF658200006C6D /* AuthService.swift */,
				528F802E24FF658D00006C6D /* Service.swift */,
			);
			path = API;
			sourceTree = "<group>";
		};
		528F802124FF4E0A00006C6D /* Views */ = {
			isa = PBXGroup;
			children = (
				523F51CF251901B60074CC49 /* InputContainerView.swift */,
				523F51DF251916590074CC49 /* CustomTextField.swift */,
			);
			path = Views;
			sourceTree = "<group>";
		};
		528F802224FF4E1100006C6D /* Controllers */ = {
			isa = PBXGroup;
			children = (
				52CBAC23252C289800934187 /* Walkthrough */,
				523F51D42519022A0074CC49 /* Authentication */,
				5224D2CC252942AC00B6FE19 /* HomeController.swift */,
			);
			path = Controllers;
			sourceTree = "<group>";
		};
		528F802324FF4E2000006C6D /* Models */ = {
			isa = PBXGroup;
			children = (
				52CBAC31252C293E00934187 /* ATCWalkthroughModel.swift */,
				528F802624FF4F0E00006C6D /* User.swift */,
				528F802824FF4F5000006C6D /* Payloads.swift */,
			);
			path = Models;
			sourceTree = "<group>";
		};
		528F802424FF4E4100006C6D /* Utils */ = {
			isa = PBXGroup;
			children = (
				52CBAC36252C299F00934187 /* UIColor.swift */,
				52CBAC37252C29A000934187 /* UIImage.swift */,
				52CBAC38252C29A000934187 /* UIViewController.swift */,
				528F803024FF6F5E00006C6D /* Constants.swift */,
				523F51E42519187A0074CC49 /* Extensions.swift */,
			);
			path = Utils;
			sourceTree = "<group>";
		};
		528F802524FF4E4600006C6D /* ViewModel */ = {
			isa = PBXGroup;
			children = (
				52254A68250C536A00A6683D /* Authentication */,
				52254A64250C50D100A6683D /* PayloadsViewModel.swift */,
			);
			path = ViewModel;
			sourceTree = "<group>";
		};
		52CBAC23252C289800934187 /* Walkthrough */ = {
			isa = PBXGroup;
			children = (
				52CBAC27252C28B900934187 /* ATCClassicWalkthroughViewController.swift */,
				52CBAC24252C28B900934187 /* ATCClassicWalkthroughViewController.xib */,
				52CBAC25252C28B900934187 /* ATCWalkthroughViewController.swift */,
				52CBAC26252C28B900934187 /* ATCWalkthroughViewController.xib */,
				52CBAC28252C28B900934187 /* WalkthroughController.swift */,
			);
			path = Walkthrough;
			sourceTree = "<group>";
		};
		5E45E39F06AFA4417E4D3690 /* Frameworks */ = {
			isa = PBXGroup;
			children = (
				F1AA2DF50D02680D8EDDB30F /* Pods_ZoneRv1.framework */,
				9A657D0F2CFAF384BAD6F462 /* Pods_ZoneRv1_ZoneRv1UITests.framework */,
				5DE000BA38E9FDBE91288648 /* Pods_ZoneRv1Tests.framework */,
			);
			name = Frameworks;
			sourceTree = "<group>";
		};
		90B05907DC9EE44B2ED85394 /* Pods */ = {
			isa = PBXGroup;
			children = (
				A6FFB5BA00235B7B11B3F75D /* Pods-ZoneRv1.debug.xcconfig */,
				F48FA2120075040F5CFF5EB8 /* Pods-ZoneRv1.release.xcconfig */,
				456F9E07D06A84BA3BE20083 /* Pods-ZoneRv1-ZoneRv1UITests.debug.xcconfig */,
				0E0B79F84E2541A8446738D4 /* Pods-ZoneRv1-ZoneRv1UITests.release.xcconfig */,
				5B0112827A2F998F5FBE6E4D /* Pods-ZoneRv1Tests.debug.xcconfig */,
				EDE07EA179FCC7983E8C8D82 /* Pods-ZoneRv1Tests.release.xcconfig */,
			);
			path = Pods;
			sourceTree = "<group>";
		};
/* End PBXGroup section */

/* Begin PBXNativeTarget section */
		528F7FEC24FF4B1200006C6D /* ZoneRv1 */ = {
			isa = PBXNativeTarget;
			buildConfigurationList = 528F801724FF4B1800006C6D /* Build configuration list for PBXNativeTarget "ZoneRv1" */;
			buildPhases = (
				CBFCEB2BFBC35F65CC725DFC /* [CP] Check Pods Manifest.lock */,
				528F7FE924FF4B1200006C6D /* Sources */,
				528F7FEA24FF4B1200006C6D /* Frameworks */,
				528F7FEB24FF4B1200006C6D /* Resources */,
				DF84D0418DEF310C44E4BB05 /* [CP] Embed Pods Frameworks */,
			);
			buildRules = (
			);
			dependencies = (
			);
			name = ZoneRv1;
			productName = ZoneRv1;
			productReference = 528F7FED24FF4B1200006C6D /* ZoneRv1.app */;
			productType = "com.apple.product-type.application";
		};
		528F800224FF4B1700006C6D /* ZoneRv1Tests */ = {
			isa = PBXNativeTarget;
			buildConfigurationList = 528F801A24FF4B1800006C6D /* Build configuration list for PBXNativeTarget "ZoneRv1Tests" */;
			buildPhases = (
				F87D79B1F3E27CBEAC43E276 /* [CP] Check Pods Manifest.lock */,
				528F7FFF24FF4B1700006C6D /* Sources */,
				528F800024FF4B1700006C6D /* Frameworks */,
				528F800124FF4B1700006C6D /* Resources */,
			);
			buildRules = (
			);
			dependencies = (
				528F800524FF4B1700006C6D /* PBXTargetDependency */,
			);
			name = ZoneRv1Tests;
			productName = ZoneRv1Tests;
			productReference = 528F800324FF4B1700006C6D /* ZoneRv1Tests.xctest */;
			productType = "com.apple.product-type.bundle.unit-test";
		};
		528F800D24FF4B1700006C6D /* ZoneRv1UITests */ = {
			isa = PBXNativeTarget;
			buildConfigurationList = 528F801D24FF4B1800006C6D /* Build configuration list for PBXNativeTarget "ZoneRv1UITests" */;
			buildPhases = (
				61E47CB9B6963918F26DD6B0 /* [CP] Check Pods Manifest.lock */,
				528F800A24FF4B1700006C6D /* Sources */,
				528F800B24FF4B1700006C6D /* Frameworks */,
				528F800C24FF4B1700006C6D /* Resources */,
				E4509BB63ECBB6A03345D532 /* [CP] Embed Pods Frameworks */,
			);
			buildRules = (
			);
			dependencies = (
				528F801024FF4B1700006C6D /* PBXTargetDependency */,
			);
			name = ZoneRv1UITests;
			productName = ZoneRv1UITests;
			productReference = 528F800E24FF4B1700006C6D /* ZoneRv1UITests.xctest */;
			productType = "com.apple.product-type.bundle.ui-testing";
		};
/* End PBXNativeTarget section */

/* Begin PBXProject section */
		528F7FE524FF4B1200006C6D /* Project object */ = {
			isa = PBXProject;
			attributes = {
				LastSwiftUpdateCheck = 1160;
				LastUpgradeCheck = 1160;
				ORGANIZATIONNAME = "AI Nomads";
				TargetAttributes = {
					528F7FEC24FF4B1200006C6D = {
						CreatedOnToolsVersion = 11.6;
					};
					528F800224FF4B1700006C6D = {
						CreatedOnToolsVersion = 11.6;
						TestTargetID = 528F7FEC24FF4B1200006C6D;
					};
					528F800D24FF4B1700006C6D = {
						CreatedOnToolsVersion = 11.6;
						TestTargetID = 528F7FEC24FF4B1200006C6D;
					};
				};
			};
			buildConfigurationList = 528F7FE824FF4B1200006C6D /* Build configuration list for PBXProject "ZoneRv1" */;
			compatibilityVersion = "Xcode 9.3";
			developmentRegion = en;
			hasScannedForEncodings = 0;
			knownRegions = (
				en,
				Base,
			);
			mainGroup = 528F7FE424FF4B1200006C6D;
			productRefGroup = 528F7FEE24FF4B1200006C6D /* Products */;
			projectDirPath = "";
			projectRoot = "";
			targets = (
				528F7FEC24FF4B1200006C6D /* ZoneRv1 */,
				528F800224FF4B1700006C6D /* ZoneRv1Tests */,
				528F800D24FF4B1700006C6D /* ZoneRv1UITests */,
			);
		};
/* End PBXProject section */

/* Begin PBXResourcesBuildPhase section */
		528F7FEB24FF4B1200006C6D /* Resources */ = {
			isa = PBXResourcesBuildPhase;
			buildActionMask = 2147483647;
			files = (
				52CBAC2B252C28B900934187 /* ATCWalkthroughViewController.xib in Resources */,
				528F7FFD24FF4B1700006C6D /* LaunchScreen.storyboard in Resources */,
				528F802B24FF603F00006C6D /* GoogleService-Info.plist in Resources */,
				52CBAC29252C28B900934187 /* ATCClassicWalkthroughViewController.xib in Resources */,
				528F7FFA24FF4B1700006C6D /* Assets.xcassets in Resources */,
				528F7FF824FF4B1200006C6D /* Main.storyboard in Resources */,
			);
			runOnlyForDeploymentPostprocessing = 0;
		};
		528F800124FF4B1700006C6D /* Resources */ = {
			isa = PBXResourcesBuildPhase;
			buildActionMask = 2147483647;
			files = (
			);
			runOnlyForDeploymentPostprocessing = 0;
		};
		528F800C24FF4B1700006C6D /* Resources */ = {
			isa = PBXResourcesBuildPhase;
			buildActionMask = 2147483647;
			files = (
			);
			runOnlyForDeploymentPostprocessing = 0;
		};
/* End PBXResourcesBuildPhase section */

/* Begin PBXShellScriptBuildPhase section */
		61E47CB9B6963918F26DD6B0 /* [CP] Check Pods Manifest.lock */ = {
			isa = PBXShellScriptBuildPhase;
			buildActionMask = 2147483647;
			files = (
			);
			inputFileListPaths = (
			);
			inputPaths = (
				"${PODS_PODFILE_DIR_PATH}/Podfile.lock",
				"${PODS_ROOT}/Manifest.lock",
			);
			name = "[CP] Check Pods Manifest.lock";
			outputFileListPaths = (
			);
			outputPaths = (
				"$(DERIVED_FILE_DIR)/Pods-ZoneRv1-ZoneRv1UITests-checkManifestLockResult.txt",
			);
			runOnlyForDeploymentPostprocessing = 0;
			shellPath = /bin/sh;
			shellScript = "diff \"${PODS_PODFILE_DIR_PATH}/Podfile.lock\" \"${PODS_ROOT}/Manifest.lock\" > /dev/null\nif [ $? != 0 ] ; then\n    # print error to STDERR\n    echo \"error: The sandbox is not in sync with the Podfile.lock. Run 'pod install' or update your CocoaPods installation.\" >&2\n    exit 1\nfi\n# This output is used by Xcode 'outputs' to avoid re-running this script phase.\necho \"SUCCESS\" > \"${SCRIPT_OUTPUT_FILE_0}\"\n";
			showEnvVarsInLog = 0;
		};
		CBFCEB2BFBC35F65CC725DFC /* [CP] Check Pods Manifest.lock */ = {
			isa = PBXShellScriptBuildPhase;
			buildActionMask = 2147483647;
			files = (
			);
			inputFileListPaths = (
			);
			inputPaths = (
				"${PODS_PODFILE_DIR_PATH}/Podfile.lock",
				"${PODS_ROOT}/Manifest.lock",
			);
			name = "[CP] Check Pods Manifest.lock";
			outputFileListPaths = (
			);
			outputPaths = (
				"$(DERIVED_FILE_DIR)/Pods-ZoneRv1-checkManifestLockResult.txt",
			);
			runOnlyForDeploymentPostprocessing = 0;
			shellPath = /bin/sh;
			shellScript = "diff \"${PODS_PODFILE_DIR_PATH}/Podfile.lock\" \"${PODS_ROOT}/Manifest.lock\" > /dev/null\nif [ $? != 0 ] ; then\n    # print error to STDERR\n    echo \"error: The sandbox is not in sync with the Podfile.lock. Run 'pod install' or update your CocoaPods installation.\" >&2\n    exit 1\nfi\n# This output is used by Xcode 'outputs' to avoid re-running this script phase.\necho \"SUCCESS\" > \"${SCRIPT_OUTPUT_FILE_0}\"\n";
			showEnvVarsInLog = 0;
		};
		DF84D0418DEF310C44E4BB05 /* [CP] Embed Pods Frameworks */ = {
			isa = PBXShellScriptBuildPhase;
			buildActionMask = 2147483647;
			files = (
			);
			inputFileListPaths = (
				"${PODS_ROOT}/Target Support Files/Pods-ZoneRv1/Pods-ZoneRv1-frameworks-${CONFIGURATION}-input-files.xcfilelist",
			);
			name = "[CP] Embed Pods Frameworks";
			outputFileListPaths = (
				"${PODS_ROOT}/Target Support Files/Pods-ZoneRv1/Pods-ZoneRv1-frameworks-${CONFIGURATION}-output-files.xcfilelist",
			);
			runOnlyForDeploymentPostprocessing = 0;
			shellPath = /bin/sh;
			shellScript = "\"${PODS_ROOT}/Target Support Files/Pods-ZoneRv1/Pods-ZoneRv1-frameworks.sh\"\n";
			showEnvVarsInLog = 0;
		};
		E4509BB63ECBB6A03345D532 /* [CP] Embed Pods Frameworks */ = {
			isa = PBXShellScriptBuildPhase;
			buildActionMask = 2147483647;
			files = (
			);
			inputFileListPaths = (
				"${PODS_ROOT}/Target Support Files/Pods-ZoneRv1-ZoneRv1UITests/Pods-ZoneRv1-ZoneRv1UITests-frameworks-${CONFIGURATION}-input-files.xcfilelist",
			);
			name = "[CP] Embed Pods Frameworks";
			outputFileListPaths = (
				"${PODS_ROOT}/Target Support Files/Pods-ZoneRv1-ZoneRv1UITests/Pods-ZoneRv1-ZoneRv1UITests-frameworks-${CONFIGURATION}-output-files.xcfilelist",
			);
			runOnlyForDeploymentPostprocessing = 0;
			shellPath = /bin/sh;
			shellScript = "\"${PODS_ROOT}/Target Support Files/Pods-ZoneRv1-ZoneRv1UITests/Pods-ZoneRv1-ZoneRv1UITests-frameworks.sh\"\n";
			showEnvVarsInLog = 0;
		};
		F87D79B1F3E27CBEAC43E276 /* [CP] Check Pods Manifest.lock */ = {
			isa = PBXShellScriptBuildPhase;
			buildActionMask = 2147483647;
			files = (
			);
			inputFileListPaths = (
			);
			inputPaths = (
				"${PODS_PODFILE_DIR_PATH}/Podfile.lock",
				"${PODS_ROOT}/Manifest.lock",
			);
			name = "[CP] Check Pods Manifest.lock";
			outputFileListPaths = (
			);
			outputPaths = (
				"$(DERIVED_FILE_DIR)/Pods-ZoneRv1Tests-checkManifestLockResult.txt",
			);
			runOnlyForDeploymentPostprocessing = 0;
			shellPath = /bin/sh;
			shellScript = "diff \"${PODS_PODFILE_DIR_PATH}/Podfile.lock\" \"${PODS_ROOT}/Manifest.lock\" > /dev/null\nif [ $? != 0 ] ; then\n    # print error to STDERR\n    echo \"error: The sandbox is not in sync with the Podfile.lock. Run 'pod install' or update your CocoaPods installation.\" >&2\n    exit 1\nfi\n# This output is used by Xcode 'outputs' to avoid re-running this script phase.\necho \"SUCCESS\" > \"${SCRIPT_OUTPUT_FILE_0}\"\n";
			showEnvVarsInLog = 0;
		};
/* End PBXShellScriptBuildPhase section */

/* Begin PBXSourcesBuildPhase section */
		528F7FE924FF4B1200006C6D /* Sources */ = {
			isa = PBXSourcesBuildPhase;
			buildActionMask = 2147483647;
			files = (
				523F51DB251902480074CC49 /* RegistrationController.swift in Sources */,
				528F802724FF4F0E00006C6D /* User.swift in Sources */,
				523F51D0251901B60074CC49 /* InputContainerView.swift in Sources */,
				528F802F24FF658D00006C6D /* Service.swift in Sources */,
				523F51D62519023C0074CC49 /* LoginController.swift in Sources */,
				52254A6A250C5FFA00A6683D /* LoginViewModel.swift in Sources */,
				528F802924FF4F5000006C6D /* Payloads.swift in Sources */,
				52CBAC39252C29A000934187 /* UIColor.swift in Sources */,
				528F7FF524FF4B1200006C6D /* ViewController.swift in Sources */,
				5224D2CD252942AC00B6FE19 /* HomeController.swift in Sources */,
				528F802D24FF658200006C6D /* AuthService.swift in Sources */,
				52CBAC2D252C28B900934187 /* WalkthroughController.swift in Sources */,
				52CBAC2A252C28B900934187 /* ATCWalkthroughViewController.swift in Sources */,
				52254A67250C532B00A6683D /* RegistrationViewModel.swift in Sources */,
				52CBAC3B252C29A000934187 /* UIViewController.swift in Sources */,
				528F7FF124FF4B1200006C6D /* AppDelegate.swift in Sources */,
				52CBAC32252C293E00934187 /* ATCWalkthroughModel.swift in Sources */,
				523F51E52519187A0074CC49 /* Extensions.swift in Sources */,
				528F7FF324FF4B1200006C6D /* SceneDelegate.swift in Sources */,
				528F803124FF6F5E00006C6D /* Constants.swift in Sources */,
				52CBAC3A252C29A000934187 /* UIImage.swift in Sources */,
				52CBAC2C252C28B900934187 /* ATCClassicWalkthroughViewController.swift in Sources */,
				52254A65250C50D100A6683D /* PayloadsViewModel.swift in Sources */,
				523F51E0251916590074CC49 /* CustomTextField.swift in Sources */,
			);
			runOnlyForDeploymentPostprocessing = 0;
		};
		528F7FFF24FF4B1700006C6D /* Sources */ = {
			isa = PBXSourcesBuildPhase;
			buildActionMask = 2147483647;
			files = (
				528F800824FF4B1700006C6D /* ZoneRv1Tests.swift in Sources */,
			);
			runOnlyForDeploymentPostprocessing = 0;
		};
		528F800A24FF4B1700006C6D /* Sources */ = {
			isa = PBXSourcesBuildPhase;
			buildActionMask = 2147483647;
			files = (
				528F801324FF4B1700006C6D /* ZoneRv1UITests.swift in Sources */,
			);
			runOnlyForDeploymentPostprocessing = 0;
		};
/* End PBXSourcesBuildPhase section */

/* Begin PBXTargetDependency section */
		528F800524FF4B1700006C6D /* PBXTargetDependency */ = {
			isa = PBXTargetDependency;
			target = 528F7FEC24FF4B1200006C6D /* ZoneRv1 */;
			targetProxy = 528F800424FF4B1700006C6D /* PBXContainerItemProxy */;
		};
		528F801024FF4B1700006C6D /* PBXTargetDependency */ = {
			isa = PBXTargetDependency;
			target = 528F7FEC24FF4B1200006C6D /* ZoneRv1 */;
			targetProxy = 528F800F24FF4B1700006C6D /* PBXContainerItemProxy */;
		};
/* End PBXTargetDependency section */

/* Begin PBXVariantGroup section */
		528F7FF624FF4B1200006C6D /* Main.storyboard */ = {
			isa = PBXVariantGroup;
			children = (
				528F7FF724FF4B1200006C6D /* Base */,
			);
			name = Main.storyboard;
			sourceTree = "<group>";
		};
		528F7FFB24FF4B1700006C6D /* LaunchScreen.storyboard */ = {
			isa = PBXVariantGroup;
			children = (
				528F7FFC24FF4B1700006C6D /* Base */,
			);
			name = LaunchScreen.storyboard;
			sourceTree = "<group>";
		};
/* End PBXVariantGroup section */

/* Begin XCBuildConfiguration section */
		528F801524FF4B1800006C6D /* Debug */ = {
			isa = XCBuildConfiguration;
			buildSettings = {
				ALWAYS_SEARCH_USER_PATHS = NO;
				CLANG_ANALYZER_NONNULL = YES;
				CLANG_ANALYZER_NUMBER_OBJECT_CONVERSION = YES_AGGRESSIVE;
				CLANG_CXX_LANGUAGE_STANDARD = "gnu++14";
				CLANG_CXX_LIBRARY = "libc++";
				CLANG_ENABLE_MODULES = YES;
				CLANG_ENABLE_OBJC_ARC = YES;
				CLANG_ENABLE_OBJC_WEAK = YES;
				CLANG_WARN_BLOCK_CAPTURE_AUTORELEASING = YES;
				CLANG_WARN_BOOL_CONVERSION = YES;
				CLANG_WARN_COMMA = YES;
				CLANG_WARN_CONSTANT_CONVERSION = YES;
				CLANG_WARN_DEPRECATED_OBJC_IMPLEMENTATIONS = YES;
				CLANG_WARN_DIRECT_OBJC_ISA_USAGE = YES_ERROR;
				CLANG_WARN_DOCUMENTATION_COMMENTS = YES;
				CLANG_WARN_EMPTY_BODY = YES;
				CLANG_WARN_ENUM_CONVERSION = YES;
				CLANG_WARN_INFINITE_RECURSION = YES;
				CLANG_WARN_INT_CONVERSION = YES;
				CLANG_WARN_NON_LITERAL_NULL_CONVERSION = YES;
				CLANG_WARN_OBJC_IMPLICIT_RETAIN_SELF = YES;
				CLANG_WARN_OBJC_LITERAL_CONVERSION = YES;
				CLANG_WARN_OBJC_ROOT_CLASS = YES_ERROR;
				CLANG_WARN_RANGE_LOOP_ANALYSIS = YES;
				CLANG_WARN_STRICT_PROTOTYPES = YES;
				CLANG_WARN_SUSPICIOUS_MOVE = YES;
				CLANG_WARN_UNGUARDED_AVAILABILITY = YES_AGGRESSIVE;
				CLANG_WARN_UNREACHABLE_CODE = YES;
				CLANG_WARN__DUPLICATE_METHOD_MATCH = YES;
				COPY_PHASE_STRIP = NO;
				DEBUG_INFORMATION_FORMAT = dwarf;
				ENABLE_STRICT_OBJC_MSGSEND = YES;
				ENABLE_TESTABILITY = YES;
				GCC_C_LANGUAGE_STANDARD = gnu11;
				GCC_DYNAMIC_NO_PIC = NO;
				GCC_NO_COMMON_BLOCKS = YES;
				GCC_OPTIMIZATION_LEVEL = 0;
				GCC_PREPROCESSOR_DEFINITIONS = (
					"DEBUG=1",
					"$(inherited)",
				);
				GCC_WARN_64_TO_32_BIT_CONVERSION = YES;
				GCC_WARN_ABOUT_RETURN_TYPE = YES_ERROR;
				GCC_WARN_UNDECLARED_SELECTOR = YES;
				GCC_WARN_UNINITIALIZED_AUTOS = YES_AGGRESSIVE;
				GCC_WARN_UNUSED_FUNCTION = YES;
				GCC_WARN_UNUSED_VARIABLE = YES;
				IPHONEOS_DEPLOYMENT_TARGET = 13.6;
				MTL_ENABLE_DEBUG_INFO = INCLUDE_SOURCE;
				MTL_FAST_MATH = YES;
				ONLY_ACTIVE_ARCH = YES;
				SDKROOT = iphoneos;
				SWIFT_ACTIVE_COMPILATION_CONDITIONS = DEBUG;
				SWIFT_OPTIMIZATION_LEVEL = "-Onone";
			};
			name = Debug;
		};
		528F801624FF4B1800006C6D /* Release */ = {
			isa = XCBuildConfiguration;
			buildSettings = {
				ALWAYS_SEARCH_USER_PATHS = NO;
				CLANG_ANALYZER_NONNULL = YES;
				CLANG_ANALYZER_NUMBER_OBJECT_CONVERSION = YES_AGGRESSIVE;
				CLANG_CXX_LANGUAGE_STANDARD = "gnu++14";
				CLANG_CXX_LIBRARY = "libc++";
				CLANG_ENABLE_MODULES = YES;
				CLANG_ENABLE_OBJC_ARC = YES;
				CLANG_ENABLE_OBJC_WEAK = YES;
				CLANG_WARN_BLOCK_CAPTURE_AUTORELEASING = YES;
				CLANG_WARN_BOOL_CONVERSION = YES;
				CLANG_WARN_COMMA = YES;
				CLANG_WARN_CONSTANT_CONVERSION = YES;
				CLANG_WARN_DEPRECATED_OBJC_IMPLEMENTATIONS = YES;
				CLANG_WARN_DIRECT_OBJC_ISA_USAGE = YES_ERROR;
				CLANG_WARN_DOCUMENTATION_COMMENTS = YES;
				CLANG_WARN_EMPTY_BODY = YES;
				CLANG_WARN_ENUM_CONVERSION = YES;
				CLANG_WARN_INFINITE_RECURSION = YES;
				CLANG_WARN_INT_CONVERSION = YES;
				CLANG_WARN_NON_LITERAL_NULL_CONVERSION = YES;
				CLANG_WARN_OBJC_IMPLICIT_RETAIN_SELF = YES;
				CLANG_WARN_OBJC_LITERAL_CONVERSION = YES;
				CLANG_WARN_OBJC_ROOT_CLASS = YES_ERROR;
				CLANG_WARN_RANGE_LOOP_ANALYSIS = YES;
				CLANG_WARN_STRICT_PROTOTYPES = YES;
				CLANG_WARN_SUSPICIOUS_MOVE = YES;
				CLANG_WARN_UNGUARDED_AVAILABILITY = YES_AGGRESSIVE;
				CLANG_WARN_UNREACHABLE_CODE = YES;
				CLANG_WARN__DUPLICATE_METHOD_MATCH = YES;
				COPY_PHASE_STRIP = NO;
				DEBUG_INFORMATION_FORMAT = "dwarf-with-dsym";
				ENABLE_NS_ASSERTIONS = NO;
				ENABLE_STRICT_OBJC_MSGSEND = YES;
				GCC_C_LANGUAGE_STANDARD = gnu11;
				GCC_NO_COMMON_BLOCKS = YES;
				GCC_WARN_64_TO_32_BIT_CONVERSION = YES;
				GCC_WARN_ABOUT_RETURN_TYPE = YES_ERROR;
				GCC_WARN_UNDECLARED_SELECTOR = YES;
				GCC_WARN_UNINITIALIZED_AUTOS = YES_AGGRESSIVE;
				GCC_WARN_UNUSED_FUNCTION = YES;
				GCC_WARN_UNUSED_VARIABLE = YES;
				IPHONEOS_DEPLOYMENT_TARGET = 13.6;
				MTL_ENABLE_DEBUG_INFO = NO;
				MTL_FAST_MATH = YES;
				SDKROOT = iphoneos;
				SWIFT_COMPILATION_MODE = wholemodule;
				SWIFT_OPTIMIZATION_LEVEL = "-O";
				VALIDATE_PRODUCT = YES;
			};
			name = Release;
		};
		528F801824FF4B1800006C6D /* Debug */ = {
			isa = XCBuildConfiguration;
			baseConfigurationReference = A6FFB5BA00235B7B11B3F75D /* Pods-ZoneRv1.debug.xcconfig */;
			buildSettings = {
				ASSETCATALOG_COMPILER_APPICON_NAME = AppIcon;
				CODE_SIGN_STYLE = Automatic;
				DEVELOPMENT_TEAM = S9G93W27QU;
				INFOPLIST_FILE = ZoneRv1/Info.plist;
				LD_RUNPATH_SEARCH_PATHS = (
					"$(inherited)",
					"@executable_path/Frameworks",
				);
				PRODUCT_BUNDLE_IDENTIFIER = hwek.ZoneRv1;
				PRODUCT_NAME = "$(TARGET_NAME)";
				SWIFT_VERSION = 5.0;
				TARGETED_DEVICE_FAMILY = "1,2";
			};
			name = Debug;
		};
		528F801924FF4B1800006C6D /* Release */ = {
			isa = XCBuildConfiguration;
			baseConfigurationReference = F48FA2120075040F5CFF5EB8 /* Pods-ZoneRv1.release.xcconfig */;
			buildSettings = {
				ASSETCATALOG_COMPILER_APPICON_NAME = AppIcon;
				CODE_SIGN_STYLE = Automatic;
				DEVELOPMENT_TEAM = S9G93W27QU;
				INFOPLIST_FILE = ZoneRv1/Info.plist;
				LD_RUNPATH_SEARCH_PATHS = (
					"$(inherited)",
					"@executable_path/Frameworks",
				);
				PRODUCT_BUNDLE_IDENTIFIER = hwek.ZoneRv1;
				PRODUCT_NAME = "$(TARGET_NAME)";
				SWIFT_VERSION = 5.0;
				TARGETED_DEVICE_FAMILY = "1,2";
			};
			name = Release;
		};
		528F801B24FF4B1800006C6D /* Debug */ = {
			isa = XCBuildConfiguration;
			baseConfigurationReference = 5B0112827A2F998F5FBE6E4D /* Pods-ZoneRv1Tests.debug.xcconfig */;
			buildSettings = {
				ALWAYS_EMBED_SWIFT_STANDARD_LIBRARIES = YES;
				BUNDLE_LOADER = "$(TEST_HOST)";
				CODE_SIGN_STYLE = Automatic;
				DEVELOPMENT_TEAM = S9G93W27QU;
				INFOPLIST_FILE = ZoneRv1Tests/Info.plist;
				IPHONEOS_DEPLOYMENT_TARGET = 13.6;
				LD_RUNPATH_SEARCH_PATHS = (
					"$(inherited)",
					"@executable_path/Frameworks",
					"@loader_path/Frameworks",
				);
				PRODUCT_BUNDLE_IDENTIFIER = hwek.ZoneRv1Tests;
				PRODUCT_NAME = "$(TARGET_NAME)";
				SWIFT_VERSION = 5.0;
				TARGETED_DEVICE_FAMILY = "1,2";
				TEST_HOST = "$(BUILT_PRODUCTS_DIR)/ZoneRv1.app/ZoneRv1";
			};
			name = Debug;
		};
		528F801C24FF4B1800006C6D /* Release */ = {
			isa = XCBuildConfiguration;
			baseConfigurationReference = EDE07EA179FCC7983E8C8D82 /* Pods-ZoneRv1Tests.release.xcconfig */;
			buildSettings = {
				ALWAYS_EMBED_SWIFT_STANDARD_LIBRARIES = YES;
				BUNDLE_LOADER = "$(TEST_HOST)";
				CODE_SIGN_STYLE = Automatic;
				DEVELOPMENT_TEAM = S9G93W27QU;
				INFOPLIST_FILE = ZoneRv1Tests/Info.plist;
				IPHONEOS_DEPLOYMENT_TARGET = 13.6;
				LD_RUNPATH_SEARCH_PATHS = (
					"$(inherited)",
					"@executable_path/Frameworks",
					"@loader_path/Frameworks",
				);
				PRODUCT_BUNDLE_IDENTIFIER = hwek.ZoneRv1Tests;
				PRODUCT_NAME = "$(TARGET_NAME)";
				SWIFT_VERSION = 5.0;
				TARGETED_DEVICE_FAMILY = "1,2";
				TEST_HOST = "$(BUILT_PRODUCTS_DIR)/ZoneRv1.app/ZoneRv1";
			};
			name = Release;
		};
		528F801E24FF4B1800006C6D /* Debug */ = {
			isa = XCBuildConfiguration;
			baseConfigurationReference = 456F9E07D06A84BA3BE20083 /* Pods-ZoneRv1-ZoneRv1UITests.debug.xcconfig */;
			buildSettings = {
				ALWAYS_EMBED_SWIFT_STANDARD_LIBRARIES = YES;
				CODE_SIGN_STYLE = Automatic;
				DEVELOPMENT_TEAM = S9G93W27QU;
				INFOPLIST_FILE = ZoneRv1UITests/Info.plist;
				LD_RUNPATH_SEARCH_PATHS = (
					"$(inherited)",
					"@executable_path/Frameworks",
					"@loader_path/Frameworks",
				);
				PRODUCT_BUNDLE_IDENTIFIER = hwek.ZoneRv1UITests;
				PRODUCT_NAME = "$(TARGET_NAME)";
				SWIFT_VERSION = 5.0;
				TARGETED_DEVICE_FAMILY = "1,2";
				TEST_TARGET_NAME = ZoneRv1;
			};
			name = Debug;
		};
		528F801F24FF4B1800006C6D /* Release */ = {
			isa = XCBuildConfiguration;
			baseConfigurationReference = 0E0B79F84E2541A8446738D4 /* Pods-ZoneRv1-ZoneRv1UITests.release.xcconfig */;
			buildSettings = {
				ALWAYS_EMBED_SWIFT_STANDARD_LIBRARIES = YES;
				CODE_SIGN_STYLE = Automatic;
				DEVELOPMENT_TEAM = S9G93W27QU;
				INFOPLIST_FILE = ZoneRv1UITests/Info.plist;
				LD_RUNPATH_SEARCH_PATHS = (
					"$(inherited)",
					"@executable_path/Frameworks",
					"@loader_path/Frameworks",
				);
				PRODUCT_BUNDLE_IDENTIFIER = hwek.ZoneRv1UITests;
				PRODUCT_NAME = "$(TARGET_NAME)";
				SWIFT_VERSION = 5.0;
				TARGETED_DEVICE_FAMILY = "1,2";
				TEST_TARGET_NAME = ZoneRv1;
			};
			name = Release;
		};
/* End XCBuildConfiguration section */

/* Begin XCConfigurationList section */
		528F7FE824FF4B1200006C6D /* Build configuration list for PBXProject "ZoneRv1" */ = {
			isa = XCConfigurationList;
			buildConfigurations = (
				528F801524FF4B1800006C6D /* Debug */,
				528F801624FF4B1800006C6D /* Release */,
			);
			defaultConfigurationIsVisible = 0;
			defaultConfigurationName = Release;
		};
		528F801724FF4B1800006C6D /* Build configuration list for PBXNativeTarget "ZoneRv1" */ = {
			isa = XCConfigurationList;
			buildConfigurations = (
				528F801824FF4B1800006C6D /* Debug */,
				528F801924FF4B1800006C6D /* Release */,
			);
			defaultConfigurationIsVisible = 0;
			defaultConfigurationName = Release;
		};
		528F801A24FF4B1800006C6D /* Build configuration list for PBXNativeTarget "ZoneRv1Tests" */ = {
			isa = XCConfigurationList;
			buildConfigurations = (
				528F801B24FF4B1800006C6D /* Debug */,
				528F801C24FF4B1800006C6D /* Release */,
			);
			defaultConfigurationIsVisible = 0;
			defaultConfigurationName = Release;
		};
		528F801D24FF4B1800006C6D /* Build configuration list for PBXNativeTarget "ZoneRv1UITests" */ = {
			isa = XCConfigurationList;
			buildConfigurations = (
				528F801E24FF4B1800006C6D /* Debug */,
				528F801F24FF4B1800006C6D /* Release */,
			);
			defaultConfigurationIsVisible = 0;
			defaultConfigurationName = Release;
		};
/* End XCConfigurationList section */
	};
	rootObject = 528F7FE524FF4B1200006C6D /* Project object */;
}
